
Microsoft Visual Studio Solution File, Format Version 12.00
# Visual Studio 2013
VisualStudioVersion = 12.0.21005.1
MinimumVisualStudioVersion = 10.0.40219.1
Project("{2150E333-8FDC-42A3-9474-1A3956D46DE8}") = ".nuget", ".nuget", "{B322E749-4EAA-40E7-837E-9A19B0A67ECE}"
	ProjectSection(SolutionItems) = preProject
		.nuget\NuGet.Config = .nuget\NuGet.Config
		.nuget\NuGet.exe = .nuget\NuGet.exe
		.nuget\NuGet.targets = .nuget\NuGet.targets
	EndProjectSection
EndProject
Project("{FAE04EC0-301F-11D3-BF4B-00C04F79EFBC}") = "twitter", "twitter\twitter.csproj", "{8FB7B2B9-FA51-41AC-BFA8-105A815B5461}"
EndProject
Project("{FAE04EC0-301F-11D3-BF4B-00C04F79EFBC}") = "twitter.tests", "twitter.tests\twitter.tests.csproj", "{7CF81EE9-9C01-4095-BB6B-C89AD567848F}"
EndProject
Project("{FAE04EC0-301F-11D3-BF4B-00C04F79EFBC}") = "twitter.example", "twitter.example\twitter.example.csproj", "{4E9CDB5A-2FAD-4910-BF37-5E9191F531B7}"
EndProject
Global
	GlobalSection(SolutionConfigurationPlatforms) = preSolution
		Debug|Any CPU = Debug|Any CPU
		Release|Any CPU = Release|Any CPU
	EndGlobalSection
	GlobalSection(ProjectConfigurationPlatforms) = postSolution
		{8FB7B2B9-FA51-41AC-BFA8-105A815B5461}.Debug|Any CPU.ActiveCfg = Debug|Any CPU
		{8FB7B2B9-FA51-41AC-BFA8-105A815B5461}.Debug|Any CPU.Build.0 = Debug|Any CPU
		{8FB7B2B9-FA51-41AC-BFA8-105A815B5461}.Release|Any CPU.ActiveCfg = Release|Any CPU
		{8FB7B2B9-FA51-41AC-BFA8-105A815B5461}.Release|Any CPU.Build.0 = Release|Any CPU
		{7CF81EE9-9C01-4095-BB6B-C89AD567848F}.Debug|Any CPU.ActiveCfg = Debug|Any CPU
		{7CF81EE9-9C01-4095-BB6B-C89AD567848F}.Debug|Any CPU.Build.0 = Debug|Any CPU
		{7CF81EE9-9C01-4095-BB6B-C89AD567848F}.Release|Any CPU.ActiveCfg = Release|Any CPU
		{7CF81EE9-9C01-4095-BB6B-C89AD567848F}.Release|Any CPU.Build.0 = Release|Any CPU
		{4E9CDB5A-2FAD-4910-BF37-5E9191F531B7}.Debug|Any CPU.ActiveCfg = Debug|Any CPU
		{4E9CDB5A-2FAD-4910-BF37-5E9191F531B7}.Debug|Any CPU.Build.0 = Debug|Any CPU
		{4E9CDB5A-2FAD-4910-BF37-5E9191F531B7}.Release|Any CPU.ActiveCfg = Release|Any CPU
		{4E9CDB5A-2FAD-4910-BF37-5E9191F531B7}.Release|Any CPU.Build.0 = Release|Any CPU
	EndGlobalSection
	GlobalSection(SolutionProperties) = preSolution
		HideSolutionNode = FALSE
	EndGlobalSection
EndGlobal
